// !$*UTF8*$!
{
	archiveVersion = 1;
	classes = {
	};
	objectVersion = 46;
	objects = {

/* Begin PBXBuildFile section */
		82A086201F9B9DFC00059CDC /* GardenViewController.swift in Sources */ = {isa = PBXBuildFile; fileRef = 82A0861F1F9B9DFA00059CDC /* GardenViewController.swift */; };
		82A7E6961F9BBE1200C70456 /* Garden.swift in Sources */ = {isa = PBXBuildFile; fileRef = 82A7E6951F9BBE1100C70456 /* Garden.swift */; };
		8D70C32A1F8F794C0015439A /* ProfileViewController.swift in Sources */ = {isa = PBXBuildFile; fileRef = 8D70C3291F8F794C0015439A /* ProfileViewController.swift */; };
		8D70C32C1F9247810015439A /* MyLoginViewController.swift in Sources */ = {isa = PBXBuildFile; fileRef = 8D70C32B1F9247810015439A /* MyLoginViewController.swift */; };
		8D70C3321F92801A0015439A /* GoogleService-Info.plist in Resources */ = {isa = PBXBuildFile; fileRef = 8D70C3311F92801A0015439A /* GoogleService-Info.plist */; };
		8DD35AF51F7675D200513995 /* AppDelegate.swift in Sources */ = {isa = PBXBuildFile; fileRef = 8DD35AF41F7675D200513995 /* AppDelegate.swift */; };
		8DD35AF71F7675D200513995 /* ViewController.swift in Sources */ = {isa = PBXBuildFile; fileRef = 8DD35AF61F7675D200513995 /* ViewController.swift */; };
		8DD35AFA1F7675D200513995 /* Main.storyboard in Resources */ = {isa = PBXBuildFile; fileRef = 8DD35AF81F7675D200513995 /* Main.storyboard */; };
		8DD35AFD1F7675D200513995 /* Park_Bark.xcdatamodeld in Sources */ = {isa = PBXBuildFile; fileRef = 8DD35AFB1F7675D200513995 /* Park_Bark.xcdatamodeld */; };
		8DD35AFF1F7675D200513995 /* Assets.xcassets in Resources */ = {isa = PBXBuildFile; fileRef = 8DD35AFE1F7675D200513995 /* Assets.xcassets */; };
		8DD35B021F7675D200513995 /* LaunchScreen.storyboard in Resources */ = {isa = PBXBuildFile; fileRef = 8DD35B001F7675D200513995 /* LaunchScreen.storyboard */; };
		8DF2F89D1F966C8D00509005 /* UserApp.swift in Sources */ = {isa = PBXBuildFile; fileRef = 8DF2F89C1F966C8D00509005 /* UserApp.swift */; };
		8DF2F8A01F9674AC00509005 /* FBDatabaseManagment.swift in Sources */ = {isa = PBXBuildFile; fileRef = 8DF2F89F1F9674AC00509005 /* FBDatabaseManagment.swift */; };
		8F08775FC71A7A5BD0BBF5F9 /* Pods_Park_Bark.framework in Frameworks */ = {isa = PBXBuildFile; fileRef = 8CEEA41085C469F236801CD3 /* Pods_Park_Bark.framework */; };
/* End PBXBuildFile section */

/* Begin PBXFileReference section */
		04F1BE4250E0204431055D7F /* Pods-Park-Bark.release.xcconfig */ = {isa = PBXFileReference; includeInIndex = 1; lastKnownFileType = text.xcconfig; name = "Pods-Park-Bark.release.xcconfig"; path = "Pods/Target Support Files/Pods-Park-Bark/Pods-Park-Bark.release.xcconfig"; sourceTree = "<group>"; };
		82A0861F1F9B9DFA00059CDC /* GardenViewController.swift */ = {isa = PBXFileReference; lastKnownFileType = sourcecode.swift; path = GardenViewController.swift; sourceTree = "<group>"; };
		82A7E6951F9BBE1100C70456 /* Garden.swift */ = {isa = PBXFileReference; lastKnownFileType = sourcecode.swift; path = Garden.swift; sourceTree = "<group>"; };
		8CEEA41085C469F236801CD3 /* Pods_Park_Bark.framework */ = {isa = PBXFileReference; explicitFileType = wrapper.framework; includeInIndex = 0; path = Pods_Park_Bark.framework; sourceTree = BUILT_PRODUCTS_DIR; };
		8D70C3291F8F794C0015439A /* ProfileViewController.swift */ = {isa = PBXFileReference; fileEncoding = 4; lastKnownFileType = sourcecode.swift; path = ProfileViewController.swift; sourceTree = "<group>"; };
		8D70C32B1F9247810015439A /* MyLoginViewController.swift */ = {isa = PBXFileReference; fileEncoding = 4; lastKnownFileType = sourcecode.swift; path = MyLoginViewController.swift; sourceTree = "<group>"; };
		8D70C32D1F926B7B0015439A /* Park-Bark.entitlements */ = {isa = PBXFileReference; lastKnownFileType = text.plist.entitlements; path = "Park-Bark.entitlements"; sourceTree = "<group>"; };
		8D70C3311F92801A0015439A /* GoogleService-Info.plist */ = {isa = PBXFileReference; fileEncoding = 4; lastKnownFileType = text.plist.xml; path = "GoogleService-Info.plist"; sourceTree = "<group>"; };
		8DD35AF11F7675D200513995 /* Park-Bark.app */ = {isa = PBXFileReference; explicitFileType = wrapper.application; includeInIndex = 0; path = "Park-Bark.app"; sourceTree = BUILT_PRODUCTS_DIR; };
		8DD35AF41F7675D200513995 /* AppDelegate.swift */ = {isa = PBXFileReference; lastKnownFileType = sourcecode.swift; path = AppDelegate.swift; sourceTree = "<group>"; };
		8DD35AF61F7675D200513995 /* ViewController.swift */ = {isa = PBXFileReference; lastKnownFileType = sourcecode.swift; path = ViewController.swift; sourceTree = "<group>"; };
		8DD35AF91F7675D200513995 /* Base */ = {isa = PBXFileReference; lastKnownFileType = file.storyboard; name = Base; path = Base.lproj/Main.storyboard; sourceTree = "<group>"; };
		8DD35AFC1F7675D200513995 /* Park_Bark.xcdatamodel */ = {isa = PBXFileReference; lastKnownFileType = wrapper.xcdatamodel; path = Park_Bark.xcdatamodel; sourceTree = "<group>"; };
		8DD35AFE1F7675D200513995 /* Assets.xcassets */ = {isa = PBXFileReference; lastKnownFileType = folder.assetcatalog; path = Assets.xcassets; sourceTree = "<group>"; };
		8DD35B011F7675D200513995 /* Base */ = {isa = PBXFileReference; lastKnownFileType = file.storyboard; name = Base; path = Base.lproj/LaunchScreen.storyboard; sourceTree = "<group>"; };
		8DD35B031F7675D200513995 /* Info.plist */ = {isa = PBXFileReference; lastKnownFileType = text.plist.xml; path = Info.plist; sourceTree = "<group>"; };
		8DF2F89C1F966C8D00509005 /* UserApp.swift */ = {isa = PBXFileReference; fileEncoding = 4; lastKnownFileType = sourcecode.swift; path = UserApp.swift; sourceTree = "<group>"; };
		8DF2F89F1F9674AC00509005 /* FBDatabaseManagment.swift */ = {isa = PBXFileReference; fileEncoding = 4; lastKnownFileType = sourcecode.swift; path = FBDatabaseManagment.swift; sourceTree = "<group>"; };
		9CD93D1A72EAFDEF44BF065D /* Pods-Park-Bark.debug.xcconfig */ = {isa = PBXFileReference; includeInIndex = 1; lastKnownFileType = text.xcconfig; name = "Pods-Park-Bark.debug.xcconfig"; path = "Pods/Target Support Files/Pods-Park-Bark/Pods-Park-Bark.debug.xcconfig"; sourceTree = "<group>"; };
/* End PBXFileReference section */

/* Begin PBXFrameworksBuildPhase section */
		8DD35AEE1F7675D200513995 /* Frameworks */ = {
			isa = PBXFrameworksBuildPhase;
			buildActionMask = 2147483647;
			files = (
				8F08775FC71A7A5BD0BBF5F9 /* Pods_Park_Bark.framework in Frameworks */,
			);
			runOnlyForDeploymentPostprocessing = 0;
		};
/* End PBXFrameworksBuildPhase section */

/* Begin PBXGroup section */
		8DD35AE81F7675D200513995 = {
			isa = PBXGroup;
			children = (
				8DD35AF31F7675D200513995 /* Park-Bark */,
				8DD35AF21F7675D200513995 /* Products */,
				978440A7111E6F1E5C80306A /* Pods */,
				CE2AC0F046DFC61C9472C23D /* Frameworks */,
			);
			sourceTree = "<group>";
		};
		8DD35AF21F7675D200513995 /* Products */ = {
			isa = PBXGroup;
			children = (
				8DD35AF11F7675D200513995 /* Park-Bark.app */,
			);
			name = Products;
			sourceTree = "<group>";
		};
		8DD35AF31F7675D200513995 /* Park-Bark */ = {
			isa = PBXGroup;
			children = (
				8DF2F89E1F96746800509005 /* Database */,
				8DF2F89B1F966C3F00509005 /* Objects */,
				8DF2F89A1F966C3300509005 /* UI */,
				8D70C32D1F926B7B0015439A /* Park-Bark.entitlements */,
				8DD35AF41F7675D200513995 /* AppDelegate.swift */,
				8DD35AF81F7675D200513995 /* Main.storyboard */,
				8DD35AFE1F7675D200513995 /* Assets.xcassets */,
				8DD35B001F7675D200513995 /* LaunchScreen.storyboard */,
				8DD35B031F7675D200513995 /* Info.plist */,
				8D70C3311F92801A0015439A /* GoogleService-Info.plist */,
				8DD35AFB1F7675D200513995 /* Park_Bark.xcdatamodeld */,
			);
			path = "Park-Bark";
			sourceTree = "<group>";
		};
		8DF2F89A1F966C3300509005 /* UI */ = {
			isa = PBXGroup;
			children = (
				8DD35AF61F7675D200513995 /* ViewController.swift */,
				8D70C3291F8F794C0015439A /* ProfileViewController.swift */,
				8D70C32B1F9247810015439A /* MyLoginViewController.swift */,
				82A0861F1F9B9DFA00059CDC /* GardenViewController.swift */,
			);
			name = UI;
			sourceTree = "<group>";
		};
		8DF2F89B1F966C3F00509005 /* Objects */ = {
			isa = PBXGroup;
			children = (
				8DF2F89C1F966C8D00509005 /* UserApp.swift */,
				82A7E6951F9BBE1100C70456 /* Garden.swift */,
			);
			name = Objects;
			sourceTree = "<group>";
		};
		8DF2F89E1F96746800509005 /* Database */ = {
			isa = PBXGroup;
			children = (
				8DF2F89F1F9674AC00509005 /* FBDatabaseManagment.swift */,
			);
			name = Database;
			sourceTree = "<group>";
		};
		978440A7111E6F1E5C80306A /* Pods */ = {
			isa = PBXGroup;
			children = (
				9CD93D1A72EAFDEF44BF065D /* Pods-Park-Bark.debug.xcconfig */,
				04F1BE4250E0204431055D7F /* Pods-Park-Bark.release.xcconfig */,
			);
			name = Pods;
			sourceTree = "<group>";
		};
		CE2AC0F046DFC61C9472C23D /* Frameworks */ = {
			isa = PBXGroup;
			children = (
				8CEEA41085C469F236801CD3 /* Pods_Park_Bark.framework */,
			);
			name = Frameworks;
			sourceTree = "<group>";
		};
/* End PBXGroup section */

/* Begin PBXNativeTarget section */
		8DD35AF01F7675D200513995 /* Park-Bark */ = {
			isa = PBXNativeTarget;
			buildConfigurationList = 8DD35B061F7675D200513995 /* Build configuration list for PBXNativeTarget "Park-Bark" */;
			buildPhases = (
				61535E7B2C8D8C4DBC34BA1A /* [CP] Check Pods Manifest.lock */,
				8DD35AED1F7675D200513995 /* Sources */,
				8DD35AEE1F7675D200513995 /* Frameworks */,
				8DD35AEF1F7675D200513995 /* Resources */,
				0A27B3328ADD40E5249C9395 /* [CP] Embed Pods Frameworks */,
				F39B197611B6EA8B5752CB8C /* [CP] Copy Pods Resources */,
			);
			buildRules = (
			);
			dependencies = (
			);
			name = "Park-Bark";
			productName = "Park-Bark";
			productReference = 8DD35AF11F7675D200513995 /* Park-Bark.app */;
			productType = "com.apple.product-type.application";
		};
/* End PBXNativeTarget section */

/* Begin PBXProject section */
		8DD35AE91F7675D200513995 /* Project object */ = {
			isa = PBXProject;
			attributes = {
				LastSwiftUpdateCheck = 0820;
				LastUpgradeCheck = 0820;
				ORGANIZATIONNAME = "park-bark";
				TargetAttributes = {
					8DD35AF01F7675D200513995 = {
						CreatedOnToolsVersion = 8.2.1;
						DevelopmentTeam = P2N9D85JJ2;
						ProvisioningStyle = Automatic;
						SystemCapabilities = {
							com.apple.Keychain = {
								enabled = 1;
							};
						};
					};
				};
			};
			buildConfigurationList = 8DD35AEC1F7675D200513995 /* Build configuration list for PBXProject "Park-Bark" */;
			compatibilityVersion = "Xcode 3.2";
			developmentRegion = English;
			hasScannedForEncodings = 0;
			knownRegions = (
				en,
				Base,
			);
			mainGroup = 8DD35AE81F7675D200513995;
			productRefGroup = 8DD35AF21F7675D200513995 /* Products */;
			projectDirPath = "";
			projectRoot = "";
			targets = (
				8DD35AF01F7675D200513995 /* Park-Bark */,
			);
		};
/* End PBXProject section */

/* Begin PBXResourcesBuildPhase section */
		8DD35AEF1F7675D200513995 /* Resources */ = {
			isa = PBXResourcesBuildPhase;
			buildActionMask = 2147483647;
			files = (
				8DD35B021F7675D200513995 /* LaunchScreen.storyboard in Resources */,
				8D70C3321F92801A0015439A /* GoogleService-Info.plist in Resources */,
				8DD35AFF1F7675D200513995 /* Assets.xcassets in Resources */,
				8DD35AFA1F7675D200513995 /* Main.storyboard in Resources */,
			);
			runOnlyForDeploymentPostprocessing = 0;
		};
/* End PBXResourcesBuildPhase section */

/* Begin PBXShellScriptBuildPhase section */
		0A27B3328ADD40E5249C9395 /* [CP] Embed Pods Frameworks */ = {
			isa = PBXShellScriptBuildPhase;
			buildActionMask = 2147483647;
			files = (
			);
			inputPaths = (
				"${SRCROOT}/Pods/Target Support Files/Pods-Park-Bark/Pods-Park-Bark-frameworks.sh",
				"${BUILT_PRODUCTS_DIR}/Bolts/Bolts.framework",
				"${BUILT_PRODUCTS_DIR}/FBSDKCoreKit/FBSDKCoreKit.framework",
				"${BUILT_PRODUCTS_DIR}/FBSDKLoginKit/FBSDKLoginKit.framework",
				"${BUILT_PRODUCTS_DIR}/FBSDKShareKit/FBSDKShareKit.framework",
				"${BUILT_PRODUCTS_DIR}/GTMOAuth2/GTMOAuth2.framework",
				"${BUILT_PRODUCTS_DIR}/GTMSessionFetcher/GTMSessionFetcher.framework",
				"${BUILT_PRODUCTS_DIR}/GoogleToolboxForMac/GoogleToolboxForMac.framework",
				"${BUILT_PRODUCTS_DIR}/leveldb-library/leveldb.framework",
				"${BUILT_PRODUCTS_DIR}/nanopb/nanopb.framework",
			);
			name = "[CP] Embed Pods Frameworks";
			outputPaths = (
				"${TARGET_BUILD_DIR}/${FRAMEWORKS_FOLDER_PATH}/Bolts.framework",
				"${TARGET_BUILD_DIR}/${FRAMEWORKS_FOLDER_PATH}/FBSDKCoreKit.framework",
				"${TARGET_BUILD_DIR}/${FRAMEWORKS_FOLDER_PATH}/FBSDKLoginKit.framework",
				"${TARGET_BUILD_DIR}/${FRAMEWORKS_FOLDER_PATH}/FBSDKShareKit.framework",
				"${TARGET_BUILD_DIR}/${FRAMEWORKS_FOLDER_PATH}/GTMOAuth2.framework",
				"${TARGET_BUILD_DIR}/${FRAMEWORKS_FOLDER_PATH}/GTMSessionFetcher.framework",
				"${TARGET_BUILD_DIR}/${FRAMEWORKS_FOLDER_PATH}/GoogleToolboxForMac.framework",
				"${TARGET_BUILD_DIR}/${FRAMEWORKS_FOLDER_PATH}/leveldb.framework",
				"${TARGET_BUILD_DIR}/${FRAMEWORKS_FOLDER_PATH}/nanopb.framework",
			);
			runOnlyForDeploymentPostprocessing = 0;
			shellPath = /bin/sh;
			shellScript = "\"${SRCROOT}/Pods/Target Support Files/Pods-Park-Bark/Pods-Park-Bark-frameworks.sh\"\n";
			showEnvVarsInLog = 0;
		};
		61535E7B2C8D8C4DBC34BA1A /* [CP] Check Pods Manifest.lock */ = {
			isa = PBXShellScriptBuildPhase;
			buildActionMask = 2147483647;
			files = (
			);
			inputPaths = (
				"${PODS_PODFILE_DIR_PATH}/Podfile.lock",
				"${PODS_ROOT}/Manifest.lock",
			);
			name = "[CP] Check Pods Manifest.lock";
			outputPaths = (
				"$(DERIVED_FILE_DIR)/Pods-Park-Bark-checkManifestLockResult.txt",
			);
			runOnlyForDeploymentPostprocessing = 0;
			shellPath = /bin/sh;
			shellScript = "diff \"${PODS_PODFILE_DIR_PATH}/Podfile.lock\" \"${PODS_ROOT}/Manifest.lock\" > /dev/null\nif [ $? != 0 ] ; then\n    # print error to STDERR\n    echo \"error: The sandbox is not in sync with the Podfile.lock. Run 'pod install' or update your CocoaPods installation.\" >&2\n    exit 1\nfi\n# This output is used by Xcode 'outputs' to avoid re-running this script phase.\necho \"SUCCESS\" > \"${SCRIPT_OUTPUT_FILE_0}\"\n";
			showEnvVarsInLog = 0;
		};
		F39B197611B6EA8B5752CB8C /* [CP] Copy Pods Resources */ = {
			isa = PBXShellScriptBuildPhase;
			buildActionMask = 2147483647;
			files = (
			);
			inputPaths = (
				"${SRCROOT}/Pods/Target Support Files/Pods-Park-Bark/Pods-Park-Bark-resources.sh",
				"${PODS_ROOT}/GoogleSignIn/Resources/GoogleSignIn.bundle",
			);
			name = "[CP] Copy Pods Resources";
			outputPaths = (
				"${TARGET_BUILD_DIR}/${UNLOCALIZED_RESOURCES_FOLDER_PATH}",
			);
			runOnlyForDeploymentPostprocessing = 0;
			shellPath = /bin/sh;
			shellScript = "\"${SRCROOT}/Pods/Target Support Files/Pods-Park-Bark/Pods-Park-Bark-resources.sh\"\n";
			showEnvVarsInLog = 0;
		};
/* End PBXShellScriptBuildPhase section */

/* Begin PBXSourcesBuildPhase section */
		8DD35AED1F7675D200513995 /* Sources */ = {
			isa = PBXSourcesBuildPhase;
			buildActionMask = 2147483647;
			files = (
				8DF2F89D1F966C8D00509005 /* UserApp.swift in Sources */,
				8DF2F8A01F9674AC00509005 /* FBDatabaseManagment.swift in Sources */,
				8DD35AFD1F7675D200513995 /* Park_Bark.xcdatamodeld in Sources */,
				82A7E6961F9BBE1200C70456 /* Garden.swift in Sources */,
				8DD35AF71F7675D200513995 /* ViewController.swift in Sources */,
				8D70C32A1F8F794C0015439A /* ProfileViewController.swift in Sources */,
				82A086201F9B9DFC00059CDC /* GardenViewController.swift in Sources */,
				8D70C32C1F9247810015439A /* MyLoginViewController.swift in Sources */,
				8DD35AF51F7675D200513995 /* AppDelegate.swift in Sources */,
			);
			runOnlyForDeploymentPostprocessing = 0;
		};
/* End PBXSourcesBuildPhase section */

/* Begin PBXVariantGroup section */
		8DD35AF81F7675D200513995 /* Main.storyboard */ = {
			isa = PBXVariantGroup;
			children = (
				8DD35AF91F7675D200513995 /* Base */,
			);
			name = Main.storyboard;
			sourceTree = "<group>";
		};
		8DD35B001F7675D200513995 /* LaunchScreen.storyboard */ = {
			isa = PBXVariantGroup;
			children = (
				8DD35B011F7675D200513995 /* Base */,
			);
			name = LaunchScreen.storyboard;
			sourceTree = "<group>";
		};
/* End PBXVariantGroup section */

/* Begin XCBuildConfiguration section */
		8DD35B041F7675D200513995 /* Debug */ = {
			isa = XCBuildConfiguration;
			buildSettings = {
				ALWAYS_SEARCH_USER_PATHS = NO;
				CLANG_ANALYZER_NONNULL = YES;
				CLANG_CXX_LANGUAGE_STANDARD = "gnu++0x";
				CLANG_CXX_LIBRARY = "libc++";
				CLANG_ENABLE_MODULES = YES;
				CLANG_ENABLE_OBJC_ARC = YES;
				CLANG_WARN_BOOL_CONVERSION = YES;
				CLANG_WARN_CONSTANT_CONVERSION = YES;
				CLANG_WARN_DIRECT_OBJC_ISA_USAGE = YES_ERROR;
				CLANG_WARN_DOCUMENTATION_COMMENTS = YES;
				CLANG_WARN_EMPTY_BODY = YES;
				CLANG_WARN_ENUM_CONVERSION = YES;
				CLANG_WARN_INFINITE_RECURSION = YES;
				CLANG_WARN_INT_CONVERSION = YES;
				CLANG_WARN_OBJC_ROOT_CLASS = YES_ERROR;
				CLANG_WARN_SUSPICIOUS_MOVE = YES;
				CLANG_WARN_UNREACHABLE_CODE = YES;
				CLANG_WARN__DUPLICATE_METHOD_MATCH = YES;
				"CODE_SIGN_IDENTITY[sdk=iphoneos*]" = "iPhone Developer";
				COPY_PHASE_STRIP = NO;
				DEBUG_INFORMATION_FORMAT = dwarf;
				ENABLE_STRICT_OBJC_MSGSEND = YES;
				ENABLE_TESTABILITY = YES;
				GCC_C_LANGUAGE_STANDARD = gnu99;
				GCC_DYNAMIC_NO_PIC = NO;
				GCC_NO_COMMON_BLOCKS = YES;
				GCC_OPTIMIZATION_LEVEL = 0;
				GCC_PREPROCESSOR_DEFINITIONS = (
					"DEBUG=1",
					"$(inherited)",
				);
				GCC_WARN_64_TO_32_BIT_CONVERSION = YES;
				GCC_WARN_ABOUT_RETURN_TYPE = YES_ERROR;
				GCC_WARN_UNDECLARED_SELECTOR = YES;
				GCC_WARN_UNINITIALIZED_AUTOS = YES_AGGRESSIVE;
				GCC_WARN_UNUSED_FUNCTION = YES;
				GCC_WARN_UNUSED_VARIABLE = YES;
				IPHONEOS_DEPLOYMENT_TARGET = 10.2;
				MTL_ENABLE_DEBUG_INFO = YES;
				ONLY_ACTIVE_ARCH = YES;
				SDKROOT = iphoneos;
				SWIFT_ACTIVE_COMPILATION_CONDITIONS = DEBUG;
				SWIFT_OPTIMIZATION_LEVEL = "-Onone";
			};
			name = Debug;
		};
		8DD35B051F7675D200513995 /* Release */ = {
			isa = XCBuildConfiguration;
			buildSettings = {
				ALWAYS_SEARCH_USER_PATHS = NO;
				CLANG_ANALYZER_NONNULL = YES;
				CLANG_CXX_LANGUAGE_STANDARD = "gnu++0x";
				CLANG_CXX_LIBRARY = "libc++";
				CLANG_ENABLE_MODULES = YES;
				CLANG_ENABLE_OBJC_ARC = YES;
				CLANG_WARN_BOOL_CONVERSION = YES;
				CLANG_WARN_CONSTANT_CONVERSION = YES;
				CLANG_WARN_DIRECT_OBJC_ISA_USAGE = YES_ERROR;
				CLANG_WARN_DOCUMENTATION_COMMENTS = YES;
				CLANG_WARN_EMPTY_BODY = YES;
				CLANG_WARN_ENUM_CONVERSION = YES;
				CLANG_WARN_INFINITE_RECURSION = YES;
				CLANG_WARN_INT_CONVERSION = YES;
				CLANG_WARN_OBJC_ROOT_CLASS = YES_ERROR;
				CLANG_WARN_SUSPICIOUS_MOVE = YES;
				CLANG_WARN_UNREACHABLE_CODE = YES;
				CLANG_WARN__DUPLICATE_METHOD_MATCH = YES;
				"CODE_SIGN_IDENTITY[sdk=iphoneos*]" = "iPhone Developer";
				COPY_PHASE_STRIP = NO;
				DEBUG_INFORMATION_FORMAT = "dwarf-with-dsym";
				ENABLE_NS_ASSERTIONS = NO;
				ENABLE_STRICT_OBJC_MSGSEND = YES;
				GCC_C_LANGUAGE_STANDARD = gnu99;
				GCC_NO_COMMON_BLOCKS = YES;
				GCC_WARN_64_TO_32_BIT_CONVERSION = YES;
				GCC_WARN_ABOUT_RETURN_TYPE = YES_ERROR;
				GCC_WARN_UNDECLARED_SELECTOR = YES;
				GCC_WARN_UNINITIALIZED_AUTOS = YES_AGGRESSIVE;
				GCC_WARN_UNUSED_FUNCTION = YES;
				GCC_WARN_UNUSED_VARIABLE = YES;
				IPHONEOS_DEPLOYMENT_TARGET = 10.2;
				MTL_ENABLE_DEBUG_INFO = NO;
				SDKROOT = iphoneos;
				SWIFT_OPTIMIZATION_LEVEL = "-Owholemodule";
				VALIDATE_PRODUCT = YES;
			};
			name = Release;
		};
		8DD35B071F7675D200513995 /* Debug */ = {
			isa = XCBuildConfiguration;
			baseConfigurationReference = 9CD93D1A72EAFDEF44BF065D /* Pods-Park-Bark.debug.xcconfig */;
			buildSettings = {
				ASSETCATALOG_COMPILER_APPICON_NAME = AppIcon;
				CODE_SIGN_ENTITLEMENTS = "Park-Bark/Park-Bark.entitlements";
				DEVELOPMENT_TEAM = P2N9D85JJ2;
				INFOPLIST_FILE = "Park-Bark/Info.plist";
				LD_RUNPATH_SEARCH_PATHS = "$(inherited) @executable_path/Frameworks";
				PRODUCT_BUNDLE_IDENTIFIER = "park-bark.Park-Bark";
				PRODUCT_NAME = "$(TARGET_NAME)";
				SWIFT_VERSION = 3.0;
			};
			name = Debug;
		};
		8DD35B081F7675D200513995 /* Release */ = {
			isa = XCBuildConfiguration;
			baseConfigurationReference = 04F1BE4250E0204431055D7F /* Pods-Park-Bark.release.xcconfig */;
			buildSettings = {
				ASSETCATALOG_COMPILER_APPICON_NAME = AppIcon;
				CODE_SIGN_ENTITLEMENTS = "Park-Bark/Park-Bark.entitlements";
				DEVELOPMENT_TEAM = P2N9D85JJ2;
				INFOPLIST_FILE = "Park-Bark/Info.plist";
				LD_RUNPATH_SEARCH_PATHS = "$(inherited) @executable_path/Frameworks";
				PRODUCT_BUNDLE_IDENTIFIER = "park-bark.Park-Bark";
				PRODUCT_NAME = "$(TARGET_NAME)";
				SWIFT_VERSION = 3.0;
			};
			name = Release;
		};
/* End XCBuildConfiguration section */

/* Begin XCConfigurationList section */
		8DD35AEC1F7675D200513995 /* Build configuration list for PBXProject "Park-Bark" */ = {
			isa = XCConfigurationList;
			buildConfigurations = (
				8DD35B041F7675D200513995 /* Debug */,
				8DD35B051F7675D200513995 /* Release */,
			);
			defaultConfigurationIsVisible = 0;
			defaultConfigurationName = Release;
		};
		8DD35B061F7675D200513995 /* Build configuration list for PBXNativeTarget "Park-Bark" */ = {
			isa = XCConfigurationList;
			buildConfigurations = (
				8DD35B071F7675D200513995 /* Debug */,
				8DD35B081F7675D200513995 /* Release */,
			);
			defaultConfigurationIsVisible = 0;
			defaultConfigurationName = Release;
		};
/* End XCConfigurationList section */

/* Begin XCVersionGroup section */
		8DD35AFB1F7675D200513995 /* Park_Bark.xcdatamodeld */ = {
			isa = XCVersionGroup;
			children = (
				8DD35AFC1F7675D200513995 /* Park_Bark.xcdatamodel */,
			);
			currentVersion = 8DD35AFC1F7675D200513995 /* Park_Bark.xcdatamodel */;
			path = Park_Bark.xcdatamodeld;
			sourceTree = "<group>";
			versionGroupType = wrapper.xcdatamodel;
		};
/* End XCVersionGroup section */
	};
	rootObject = 8DD35AE91F7675D200513995 /* Project object */;
}
